
Microsoft Visual Studio Solution File, Format Version 12.00
# Visual Studio Version 17
VisualStudioVersion = 17.0.31912.275
MinimumVisualStudioVersion = 10.0.40219.1
Project("{FAE04EC0-301F-11D3-BF4B-00C04F79EFBC}") = "SimpleApi", "SimpleApi\SimpleApi.csproj", "{B94D7831-795C-4FF8-A625-893A2BF0F392}"
EndProject
Global
	GlobalSection(SolutionConfigurationPlatforms) = preSolution
		Debug|Any CPU = Debug|Any CPU
		Release|Any CPU = Release|Any CPU
	EndGlobalSection
	GlobalSection(ProjectConfigurationPlatforms) = postSolution
		{B94D7831-795C-4FF8-A625-893A2BF0F392}.Debug|Any CPU.ActiveCfg = Debug|Any CPU
		{B94D7831-795C-4FF8-A625-893A2BF0F392}.Debug|Any CPU.Build.0 = Debug|Any CPU
		{B94D7831-795C-4FF8-A625-893A2BF0F392}.Release|Any CPU.ActiveCfg = Release|Any CPU
		{B94D7831-795C-4FF8-A625-893A2BF0F392}.Release|Any CPU.Build.0 = Release|Any CPU
	EndGlobalSection
	GlobalSection(SolutionProperties) = preSolution
		HideSolutionNode = FALSE
	EndGlobalSection
	GlobalSection(ExtensibilityGlobals) = postSolution
		SolutionGuid = {441D10D2-B265-4003-AFD4-2CAB92E836E6}
	EndGlobalSection
EndGlobal
